// !$*UTF8*$!
{
	archiveVersion = 1;
	classes = {
	};
	objectVersion = 55;
	objects = {

/* Begin PBXBuildFile section */
		385B79522727999900C8B3A3 /* MovieAPIService.swift in Sources */ = {isa = PBXBuildFile; fileRef = 385B79512727999900C8B3A3 /* MovieAPIService.swift */; };
		385B79542727EE5400C8B3A3 /* MainView.swift in Sources */ = {isa = PBXBuildFile; fileRef = 385B79532727EE5400C8B3A3 /* MainView.swift */; };
		385B79562727EECE00C8B3A3 /* MovieCell.swift in Sources */ = {isa = PBXBuildFile; fileRef = 385B79552727EECE00C8B3A3 /* MovieCell.swift */; };
		385B795B2727F5B400C8B3A3 /* Device.swift in Sources */ = {isa = PBXBuildFile; fileRef = 385B795A2727F5B400C8B3A3 /* Device.swift */; };
		385B795D2728031C00C8B3A3 /* MovieViewModel.swift in Sources */ = {isa = PBXBuildFile; fileRef = 385B795C2728031C00C8B3A3 /* MovieViewModel.swift */; };
		385B7961272806A300C8B3A3 /* Observable.swift in Sources */ = {isa = PBXBuildFile; fileRef = 385B7960272806A300C8B3A3 /* Observable.swift */; };
		385B79652728093E00C8B3A3 /* Log.swift in Sources */ = {isa = PBXBuildFile; fileRef = 385B79642728093E00C8B3A3 /* Log.swift */; };
		389DA1112728DCB3003EBF84 /* MovieDetailView.swift in Sources */ = {isa = PBXBuildFile; fileRef = 389DA1102728DCB3003EBF84 /* MovieDetailView.swift */; };
		389DA1132728DCEB003EBF84 /* Extension+String.swift in Sources */ = {isa = PBXBuildFile; fileRef = 389DA1122728DCEB003EBF84 /* Extension+String.swift */; };
		389DA115272905C0003EBF84 /* Extension+UINavigationController.swift in Sources */ = {isa = PBXBuildFile; fileRef = 389DA114272905C0003EBF84 /* Extension+UINavigationController.swift */; };
		389DA119272A2E8C003EBF84 /* SharedData.swift in Sources */ = {isa = PBXBuildFile; fileRef = 389DA118272A2E8C003EBF84 /* SharedData.swift */; };
		38CA342727228F7B0017E732 /* AppDelegate.swift in Sources */ = {isa = PBXBuildFile; fileRef = 38CA342627228F7B0017E732 /* AppDelegate.swift */; };
		38CA342927228F7B0017E732 /* SceneDelegate.swift in Sources */ = {isa = PBXBuildFile; fileRef = 38CA342827228F7B0017E732 /* SceneDelegate.swift */; };
		38CA343027228F7F0017E732 /* Assets.xcassets in Resources */ = {isa = PBXBuildFile; fileRef = 38CA342F27228F7F0017E732 /* Assets.xcassets */; };
		38CA343327228F7F0017E732 /* LaunchScreen.storyboard in Resources */ = {isa = PBXBuildFile; fileRef = 38CA343127228F7F0017E732 /* LaunchScreen.storyboard */; };
		62A4E38714B66660D96623FF /* Pods_MovieList.framework in Frameworks */ = {isa = PBXBuildFile; fileRef = 139A5C837616B57393821C77 /* Pods_MovieList.framework */; };
		EB2635FA2723C468007DC5C1 /* Constant+API.swift in Sources */ = {isa = PBXBuildFile; fileRef = EB2635F92723C468007DC5C1 /* Constant+API.swift */; };
		EBC07B092725BC8D002DDA49 /* MovieResponse.swift in Sources */ = {isa = PBXBuildFile; fileRef = EBC07B082725BC8D002DDA49 /* MovieResponse.swift */; };
		EBC07B25272852DA002DDA49 /* Extension+UserDefaults.swift in Sources */ = {isa = PBXBuildFile; fileRef = EBC07B24272852DA002DDA49 /* Extension+UserDefaults.swift */; };
		EBC07B2727285F8E002DDA49 /* FavoriteView.swift in Sources */ = {isa = PBXBuildFile; fileRef = EBC07B2627285F8E002DDA49 /* FavoriteView.swift */; };
		EBC07B2927286757002DDA49 /* FavoriteViewModel.swift in Sources */ = {isa = PBXBuildFile; fileRef = EBC07B2827286756002DDA49 /* FavoriteViewModel.swift */; };
/* End PBXBuildFile section */

/* Begin PBXFileReference section */
		139A5C837616B57393821C77 /* Pods_MovieList.framework */ = {isa = PBXFileReference; explicitFileType = wrapper.framework; includeInIndex = 0; path = Pods_MovieList.framework; sourceTree = BUILT_PRODUCTS_DIR; };
		2D22411BED2A33BBD62597FF /* Pods-MovieList.release.xcconfig */ = {isa = PBXFileReference; includeInIndex = 1; lastKnownFileType = text.xcconfig; name = "Pods-MovieList.release.xcconfig"; path = "Target Support Files/Pods-MovieList/Pods-MovieList.release.xcconfig"; sourceTree = "<group>"; };
		385B79512727999900C8B3A3 /* MovieAPIService.swift */ = {isa = PBXFileReference; lastKnownFileType = sourcecode.swift; path = MovieAPIService.swift; sourceTree = "<group>"; };
		385B79532727EE5400C8B3A3 /* MainView.swift */ = {isa = PBXFileReference; lastKnownFileType = sourcecode.swift; path = MainView.swift; sourceTree = "<group>"; };
		385B79552727EECE00C8B3A3 /* MovieCell.swift */ = {isa = PBXFileReference; lastKnownFileType = sourcecode.swift; path = MovieCell.swift; sourceTree = "<group>"; };
		385B795A2727F5B400C8B3A3 /* Device.swift */ = {isa = PBXFileReference; lastKnownFileType = sourcecode.swift; path = Device.swift; sourceTree = "<group>"; };
		385B795C2728031C00C8B3A3 /* MovieViewModel.swift */ = {isa = PBXFileReference; lastKnownFileType = sourcecode.swift; path = MovieViewModel.swift; sourceTree = "<group>"; };
		385B7960272806A300C8B3A3 /* Observable.swift */ = {isa = PBXFileReference; lastKnownFileType = sourcecode.swift; path = Observable.swift; sourceTree = "<group>"; };
		385B79642728093E00C8B3A3 /* Log.swift */ = {isa = PBXFileReference; lastKnownFileType = sourcecode.swift; path = Log.swift; sourceTree = "<group>"; };
		389DA1102728DCB3003EBF84 /* MovieDetailView.swift */ = {isa = PBXFileReference; lastKnownFileType = sourcecode.swift; path = MovieDetailView.swift; sourceTree = "<group>"; };
		389DA1122728DCEB003EBF84 /* Extension+String.swift */ = {isa = PBXFileReference; lastKnownFileType = sourcecode.swift; path = "Extension+String.swift"; sourceTree = "<group>"; };
		389DA114272905C0003EBF84 /* Extension+UINavigationController.swift */ = {isa = PBXFileReference; lastKnownFileType = sourcecode.swift; path = "Extension+UINavigationController.swift"; sourceTree = "<group>"; };
		389DA118272A2E8C003EBF84 /* SharedData.swift */ = {isa = PBXFileReference; lastKnownFileType = sourcecode.swift; path = SharedData.swift; sourceTree = "<group>"; };
		38CA342327228F7B0017E732 /* MovieList.app */ = {isa = PBXFileReference; explicitFileType = wrapper.application; includeInIndex = 0; path = MovieList.app; sourceTree = BUILT_PRODUCTS_DIR; };
		38CA342627228F7B0017E732 /* AppDelegate.swift */ = {isa = PBXFileReference; lastKnownFileType = sourcecode.swift; path = AppDelegate.swift; sourceTree = "<group>"; };
		38CA342827228F7B0017E732 /* SceneDelegate.swift */ = {isa = PBXFileReference; lastKnownFileType = sourcecode.swift; path = SceneDelegate.swift; sourceTree = "<group>"; };
		38CA342F27228F7F0017E732 /* Assets.xcassets */ = {isa = PBXFileReference; lastKnownFileType = folder.assetcatalog; path = Assets.xcassets; sourceTree = "<group>"; };
		38CA343227228F7F0017E732 /* Base */ = {isa = PBXFileReference; lastKnownFileType = file.storyboard; name = Base; path = Base.lproj/LaunchScreen.storyboard; sourceTree = "<group>"; };
		38CA343427228F7F0017E732 /* Info.plist */ = {isa = PBXFileReference; lastKnownFileType = text.plist.xml; path = Info.plist; sourceTree = "<group>"; };
		8FC6F4EA83A4FD804A47AC4C /* Pods-MovieList.debug.xcconfig */ = {isa = PBXFileReference; includeInIndex = 1; lastKnownFileType = text.xcconfig; name = "Pods-MovieList.debug.xcconfig"; path = "Target Support Files/Pods-MovieList/Pods-MovieList.debug.xcconfig"; sourceTree = "<group>"; };
		EB2635F92723C468007DC5C1 /* Constant+API.swift */ = {isa = PBXFileReference; lastKnownFileType = sourcecode.swift; path = "Constant+API.swift"; sourceTree = "<group>"; };
		EBC07B082725BC8D002DDA49 /* MovieResponse.swift */ = {isa = PBXFileReference; lastKnownFileType = sourcecode.swift; path = MovieResponse.swift; sourceTree = "<group>"; };
		EBC07B24272852DA002DDA49 /* Extension+UserDefaults.swift */ = {isa = PBXFileReference; lastKnownFileType = sourcecode.swift; path = "Extension+UserDefaults.swift"; sourceTree = "<group>"; };
		EBC07B2627285F8E002DDA49 /* FavoriteView.swift */ = {isa = PBXFileReference; lastKnownFileType = sourcecode.swift; path = FavoriteView.swift; sourceTree = "<group>"; };
		EBC07B2827286756002DDA49 /* FavoriteViewModel.swift */ = {isa = PBXFileReference; lastKnownFileType = sourcecode.swift; path = FavoriteViewModel.swift; sourceTree = "<group>"; };
/* End PBXFileReference section */

/* Begin PBXFrameworksBuildPhase section */
		38CA342027228F7B0017E732 /* Frameworks */ = {
			isa = PBXFrameworksBuildPhase;
			buildActionMask = 2147483647;
			files = (
				62A4E38714B66660D96623FF /* Pods_MovieList.framework in Frameworks */,
			);
			runOnlyForDeploymentPostprocessing = 0;
		};
/* End PBXFrameworksBuildPhase section */

/* Begin PBXGroup section */
		1954E4A7FD83634B35076A83 /* Pods */ = {
			isa = PBXGroup;
			children = (
				8FC6F4EA83A4FD804A47AC4C /* Pods-MovieList.debug.xcconfig */,
				2D22411BED2A33BBD62597FF /* Pods-MovieList.release.xcconfig */,
			);
			path = Pods;
			sourceTree = "<group>";
		};
		385B79502727998700C8B3A3 /* Service */ = {
			isa = PBXGroup;
			children = (
				385B79512727999900C8B3A3 /* MovieAPIService.swift */,
			);
			path = Service;
			sourceTree = "<group>";
		};
		38CA341A27228F7B0017E732 = {
			isa = PBXGroup;
			children = (
				38CA342527228F7B0017E732 /* MovieList */,
				38CA342427228F7B0017E732 /* Products */,
				1954E4A7FD83634B35076A83 /* Pods */,
				B55E53AB18CC51EFFAE5AA0F /* Frameworks */,
			);
			sourceTree = "<group>";
		};
		38CA342427228F7B0017E732 /* Products */ = {
			isa = PBXGroup;
			children = (
				38CA342327228F7B0017E732 /* MovieList.app */,
			);
			name = Products;
			sourceTree = "<group>";
		};
		38CA342527228F7B0017E732 /* MovieList */ = {
			isa = PBXGroup;
			children = (
				38CA343D27228FC50017E732 /* Entries */,
				EBC07B072725BC6E002DDA49 /* Model */,
				EB2635F82723C459007DC5C1 /* Common */,
				38CA343B27228F980017E732 /* ViewModel */,
				38CA343A27228F8B0017E732 /* View */,
				38CA342F27228F7F0017E732 /* Assets.xcassets */,
				38CA343127228F7F0017E732 /* LaunchScreen.storyboard */,
				38CA343427228F7F0017E732 /* Info.plist */,
			);
			path = MovieList;
			sourceTree = "<group>";
		};
		38CA343A27228F8B0017E732 /* View */ = {
			isa = PBXGroup;
			children = (
				385B79532727EE5400C8B3A3 /* MainView.swift */,
				EBC07B2627285F8E002DDA49 /* FavoriteView.swift */,
				385B79552727EECE00C8B3A3 /* MovieCell.swift */,
				389DA1102728DCB3003EBF84 /* MovieDetailView.swift */,
			);
			path = View;
			sourceTree = "<group>";
		};
		38CA343B27228F980017E732 /* ViewModel */ = {
			isa = PBXGroup;
			children = (
				385B79502727998700C8B3A3 /* Service */,
				385B795C2728031C00C8B3A3 /* MovieViewModel.swift */,
				EBC07B2827286756002DDA49 /* FavoriteViewModel.swift */,
			);
			path = ViewModel;
			sourceTree = "<group>";
		};
		38CA343D27228FC50017E732 /* Entries */ = {
			isa = PBXGroup;
			children = (
				38CA342627228F7B0017E732 /* AppDelegate.swift */,
				38CA342827228F7B0017E732 /* SceneDelegate.swift */,
			);
			path = Entries;
			sourceTree = "<group>";
		};
		B55E53AB18CC51EFFAE5AA0F /* Frameworks */ = {
			isa = PBXGroup;
			children = (
				139A5C837616B57393821C77 /* Pods_MovieList.framework */,
			);
			name = Frameworks;
			sourceTree = "<group>";
		};
		EB2635F82723C459007DC5C1 /* Common */ = {
			isa = PBXGroup;
			children = (
				EB2635F92723C468007DC5C1 /* Constant+API.swift */,
				385B795A2727F5B400C8B3A3 /* Device.swift */,
				385B7960272806A300C8B3A3 /* Observable.swift */,
				385B79642728093E00C8B3A3 /* Log.swift */,
				EBC07B24272852DA002DDA49 /* Extension+UserDefaults.swift */,
				389DA1122728DCEB003EBF84 /* Extension+String.swift */,
				389DA114272905C0003EBF84 /* Extension+UINavigationController.swift */,
				389DA118272A2E8C003EBF84 /* SharedData.swift */,
			);
			path = Common;
			sourceTree = "<group>";
		};
		EBC07B072725BC6E002DDA49 /* Model */ = {
			isa = PBXGroup;
			children = (
				EBC07B082725BC8D002DDA49 /* MovieResponse.swift */,
			);
			path = Model;
			sourceTree = "<group>";
		};
/* End PBXGroup section */

/* Begin PBXNativeTarget section */
		38CA342227228F7B0017E732 /* MovieList */ = {
			isa = PBXNativeTarget;
			buildConfigurationList = 38CA343727228F7F0017E732 /* Build configuration list for PBXNativeTarget "MovieList" */;
			buildPhases = (
				C075F84D26D4093B2DFA2977 /* [CP] Check Pods Manifest.lock */,
				38CA341F27228F7B0017E732 /* Sources */,
				38CA342027228F7B0017E732 /* Frameworks */,
				38CA342127228F7B0017E732 /* Resources */,
				372CEB2EF9DAD1E20F31C1A3 /* [CP] Embed Pods Frameworks */,
			);
			buildRules = (
			);
			dependencies = (
			);
			name = MovieList;
			productName = MovieList;
			productReference = 38CA342327228F7B0017E732 /* MovieList.app */;
			productType = "com.apple.product-type.application";
		};
/* End PBXNativeTarget section */

/* Begin PBXProject section */
		38CA341B27228F7B0017E732 /* Project object */ = {
			isa = PBXProject;
			attributes = {
				BuildIndependentTargetsInParallel = 1;
				LastSwiftUpdateCheck = 1300;
				LastUpgradeCheck = 1300;
				TargetAttributes = {
					38CA342227228F7B0017E732 = {
						CreatedOnToolsVersion = 13.0;
					};
				};
			};
			buildConfigurationList = 38CA341E27228F7B0017E732 /* Build configuration list for PBXProject "MovieList" */;
			compatibilityVersion = "Xcode 13.0";
			developmentRegion = en;
			hasScannedForEncodings = 0;
			knownRegions = (
				en,
				Base,
			);
			mainGroup = 38CA341A27228F7B0017E732;
			productRefGroup = 38CA342427228F7B0017E732 /* Products */;
			projectDirPath = "";
			projectRoot = "";
			targets = (
				38CA342227228F7B0017E732 /* MovieList */,
			);
		};
/* End PBXProject section */

/* Begin PBXResourcesBuildPhase section */
		38CA342127228F7B0017E732 /* Resources */ = {
			isa = PBXResourcesBuildPhase;
			buildActionMask = 2147483647;
			files = (
				38CA343327228F7F0017E732 /* LaunchScreen.storyboard in Resources */,
				38CA343027228F7F0017E732 /* Assets.xcassets in Resources */,
			);
			runOnlyForDeploymentPostprocessing = 0;
		};
/* End PBXResourcesBuildPhase section */

/* Begin PBXShellScriptBuildPhase section */
		372CEB2EF9DAD1E20F31C1A3 /* [CP] Embed Pods Frameworks */ = {
			isa = PBXShellScriptBuildPhase;
			buildActionMask = 2147483647;
			files = (
			);
			inputFileListPaths = (
				"${PODS_ROOT}/Target Support Files/Pods-MovieList/Pods-MovieList-frameworks-${CONFIGURATION}-input-files.xcfilelist",
			);
			name = "[CP] Embed Pods Frameworks";
			outputFileListPaths = (
				"${PODS_ROOT}/Target Support Files/Pods-MovieList/Pods-MovieList-frameworks-${CONFIGURATION}-output-files.xcfilelist",
			);
			runOnlyForDeploymentPostprocessing = 0;
			shellPath = /bin/sh;
			shellScript = "\"${PODS_ROOT}/Target Support Files/Pods-MovieList/Pods-MovieList-frameworks.sh\"\n";
			showEnvVarsInLog = 0;
		};
		C075F84D26D4093B2DFA2977 /* [CP] Check Pods Manifest.lock */ = {
			isa = PBXShellScriptBuildPhase;
			buildActionMask = 2147483647;
			files = (
			);
			inputFileListPaths = (
			);
			inputPaths = (
				"${PODS_PODFILE_DIR_PATH}/Podfile.lock",
				"${PODS_ROOT}/Manifest.lock",
			);
			name = "[CP] Check Pods Manifest.lock";
			outputFileListPaths = (
			);
			outputPaths = (
				"$(DERIVED_FILE_DIR)/Pods-MovieList-checkManifestLockResult.txt",
			);
			runOnlyForDeploymentPostprocessing = 0;
			shellPath = /bin/sh;
			shellScript = "diff \"${PODS_PODFILE_DIR_PATH}/Podfile.lock\" \"${PODS_ROOT}/Manifest.lock\" > /dev/null\nif [ $? != 0 ] ; then\n    # print error to STDERR\n    echo \"error: The sandbox is not in sync with the Podfile.lock. Run 'pod install' or update your CocoaPods installation.\" >&2\n    exit 1\nfi\n# This output is used by Xcode 'outputs' to avoid re-running this script phase.\necho \"SUCCESS\" > \"${SCRIPT_OUTPUT_FILE_0}\"\n";
			showEnvVarsInLog = 0;
		};
/* End PBXShellScriptBuildPhase section */

/* Begin PBXSourcesBuildPhase section */
		38CA341F27228F7B0017E732 /* Sources */ = {
			isa = PBXSourcesBuildPhase;
			buildActionMask = 2147483647;
			files = (
				389DA1132728DCEB003EBF84 /* Extension+String.swift in Sources */,
				389DA1112728DCB3003EBF84 /* MovieDetailView.swift in Sources */,
				385B7961272806A300C8B3A3 /* Observable.swift in Sources */,
				385B79562727EECE00C8B3A3 /* MovieCell.swift in Sources */,
				EB2635FA2723C468007DC5C1 /* Constant+API.swift in Sources */,
				389DA119272A2E8C003EBF84 /* SharedData.swift in Sources */,
				385B79652728093E00C8B3A3 /* Log.swift in Sources */,
				389DA115272905C0003EBF84 /* Extension+UINavigationController.swift in Sources */,
				385B79542727EE5400C8B3A3 /* MainView.swift in Sources */,
				385B79522727999900C8B3A3 /* MovieAPIService.swift in Sources */,
				EBC07B2927286757002DDA49 /* FavoriteViewModel.swift in Sources */,
				EBC07B092725BC8D002DDA49 /* MovieResponse.swift in Sources */,
				EBC07B25272852DA002DDA49 /* Extension+UserDefaults.swift in Sources */,
				EBC07B2727285F8E002DDA49 /* FavoriteView.swift in Sources */,
				385B795D2728031C00C8B3A3 /* MovieViewModel.swift in Sources */,
				38CA342727228F7B0017E732 /* AppDelegate.swift in Sources */,
				38CA342927228F7B0017E732 /* SceneDelegate.swift in Sources */,
				385B795B2727F5B400C8B3A3 /* Device.swift in Sources */,
			);
			runOnlyForDeploymentPostprocessing = 0;
		};
/* End PBXSourcesBuildPhase section */

/* Begin PBXVariantGroup section */
		38CA343127228F7F0017E732 /* LaunchScreen.storyboard */ = {
			isa = PBXVariantGroup;
			children = (
				38CA343227228F7F0017E732 /* Base */,
			);
			name = LaunchScreen.storyboard;
			sourceTree = "<group>";
		};
/* End PBXVariantGroup section */

/* Begin XCBuildConfiguration section */
		38CA343527228F7F0017E732 /* Debug */ = {
			isa = XCBuildConfiguration;
			buildSettings = {
				ALWAYS_SEARCH_USER_PATHS = NO;
				CLANG_ANALYZER_NONNULL = YES;
				CLANG_ANALYZER_NUMBER_OBJECT_CONVERSION = YES_AGGRESSIVE;
				CLANG_CXX_LANGUAGE_STANDARD = "gnu++17";
				CLANG_CXX_LIBRARY = "libc++";
				CLANG_ENABLE_MODULES = YES;
				CLANG_ENABLE_OBJC_ARC = YES;
				CLANG_ENABLE_OBJC_WEAK = YES;
				CLANG_WARN_BLOCK_CAPTURE_AUTORELEASING = YES;
				CLANG_WARN_BOOL_CONVERSION = YES;
				CLANG_WARN_COMMA = YES;
				CLANG_WARN_CONSTANT_CONVERSION = YES;
				CLANG_WARN_DEPRECATED_OBJC_IMPLEMENTATIONS = YES;
				CLANG_WARN_DIRECT_OBJC_ISA_USAGE = YES_ERROR;
				CLANG_WARN_DOCUMENTATION_COMMENTS = YES;
				CLANG_WARN_EMPTY_BODY = YES;
				CLANG_WARN_ENUM_CONVERSION = YES;
				CLANG_WARN_INFINITE_RECURSION = YES;
				CLANG_WARN_INT_CONVERSION = YES;
				CLANG_WARN_NON_LITERAL_NULL_CONVERSION = YES;
				CLANG_WARN_OBJC_IMPLICIT_RETAIN_SELF = YES;
				CLANG_WARN_OBJC_LITERAL_CONVERSION = YES;
				CLANG_WARN_OBJC_ROOT_CLASS = YES_ERROR;
				CLANG_WARN_QUOTED_INCLUDE_IN_FRAMEWORK_HEADER = YES;
				CLANG_WARN_RANGE_LOOP_ANALYSIS = YES;
				CLANG_WARN_STRICT_PROTOTYPES = YES;
				CLANG_WARN_SUSPICIOUS_MOVE = YES;
				CLANG_WARN_UNGUARDED_AVAILABILITY = YES_AGGRESSIVE;
				CLANG_WARN_UNREACHABLE_CODE = YES;
				CLANG_WARN__DUPLICATE_METHOD_MATCH = YES;
				COPY_PHASE_STRIP = NO;
				DEBUG_INFORMATION_FORMAT = dwarf;
				ENABLE_STRICT_OBJC_MSGSEND = YES;
				ENABLE_TESTABILITY = YES;
				GCC_C_LANGUAGE_STANDARD = gnu11;
				GCC_DYNAMIC_NO_PIC = NO;
				GCC_NO_COMMON_BLOCKS = YES;
				GCC_OPTIMIZATION_LEVEL = 0;
				GCC_PREPROCESSOR_DEFINITIONS = (
					"DEBUG=1",
					"$(inherited)",
				);
				GCC_WARN_64_TO_32_BIT_CONVERSION = YES;
				GCC_WARN_ABOUT_RETURN_TYPE = YES_ERROR;
				GCC_WARN_UNDECLARED_SELECTOR = YES;
				GCC_WARN_UNINITIALIZED_AUTOS = YES_AGGRESSIVE;
				GCC_WARN_UNUSED_FUNCTION = YES;
				GCC_WARN_UNUSED_VARIABLE = YES;
				IPHONEOS_DEPLOYMENT_TARGET = 15.0;
				MTL_ENABLE_DEBUG_INFO = INCLUDE_SOURCE;
				MTL_FAST_MATH = YES;
				ONLY_ACTIVE_ARCH = YES;
				SDKROOT = iphoneos;
				SWIFT_ACTIVE_COMPILATION_CONDITIONS = DEBUG;
				SWIFT_OPTIMIZATION_LEVEL = "-Onone";
			};
			name = Debug;
		};
		38CA343627228F7F0017E732 /* Release */ = {
			isa = XCBuildConfiguration;
			buildSettings = {
				ALWAYS_SEARCH_USER_PATHS = NO;
				CLANG_ANALYZER_NONNULL = YES;
				CLANG_ANALYZER_NUMBER_OBJECT_CONVERSION = YES_AGGRESSIVE;
				CLANG_CXX_LANGUAGE_STANDARD = "gnu++17";
				CLANG_CXX_LIBRARY = "libc++";
				CLANG_ENABLE_MODULES = YES;
				CLANG_ENABLE_OBJC_ARC = YES;
				CLANG_ENABLE_OBJC_WEAK = YES;
				CLANG_WARN_BLOCK_CAPTURE_AUTORELEASING = YES;
				CLANG_WARN_BOOL_CONVERSION = YES;
				CLANG_WARN_COMMA = YES;
				CLANG_WARN_CONSTANT_CONVERSION = YES;
				CLANG_WARN_DEPRECATED_OBJC_IMPLEMENTATIONS = YES;
				CLANG_WARN_DIRECT_OBJC_ISA_USAGE = YES_ERROR;
				CLANG_WARN_DOCUMENTATION_COMMENTS = YES;
				CLANG_WARN_EMPTY_BODY = YES;
				CLANG_WARN_ENUM_CONVERSION = YES;
				CLANG_WARN_INFINITE_RECURSION = YES;
				CLANG_WARN_INT_CONVERSION = YES;
				CLANG_WARN_NON_LITERAL_NULL_CONVERSION = YES;
				CLANG_WARN_OBJC_IMPLICIT_RETAIN_SELF = YES;
				CLANG_WARN_OBJC_LITERAL_CONVERSION = YES;
				CLANG_WARN_OBJC_ROOT_CLASS = YES_ERROR;
				CLANG_WARN_QUOTED_INCLUDE_IN_FRAMEWORK_HEADER = YES;
				CLANG_WARN_RANGE_LOOP_ANALYSIS = YES;
				CLANG_WARN_STRICT_PROTOTYPES = YES;
				CLANG_WARN_SUSPICIOUS_MOVE = YES;
				CLANG_WARN_UNGUARDED_AVAILABILITY = YES_AGGRESSIVE;
				CLANG_WARN_UNREACHABLE_CODE = YES;
				CLANG_WARN__DUPLICATE_METHOD_MATCH = YES;
				COPY_PHASE_STRIP = NO;
				DEBUG_INFORMATION_FORMAT = "dwarf-with-dsym";
				ENABLE_NS_ASSERTIONS = NO;
				ENABLE_STRICT_OBJC_MSGSEND = YES;
				GCC_C_LANGUAGE_STANDARD = gnu11;
				GCC_NO_COMMON_BLOCKS = YES;
				GCC_WARN_64_TO_32_BIT_CONVERSION = YES;
				GCC_WARN_ABOUT_RETURN_TYPE = YES_ERROR;
				GCC_WARN_UNDECLARED_SELECTOR = YES;
				GCC_WARN_UNINITIALIZED_AUTOS = YES_AGGRESSIVE;
				GCC_WARN_UNUSED_FUNCTION = YES;
				GCC_WARN_UNUSED_VARIABLE = YES;
				IPHONEOS_DEPLOYMENT_TARGET = 15.0;
				MTL_ENABLE_DEBUG_INFO = NO;
				MTL_FAST_MATH = YES;
				SDKROOT = iphoneos;
				SWIFT_COMPILATION_MODE = wholemodule;
				SWIFT_OPTIMIZATION_LEVEL = "-O";
				VALIDATE_PRODUCT = YES;
			};
			name = Release;
		};
		38CA343827228F7F0017E732 /* Debug */ = {
			isa = XCBuildConfiguration;
			baseConfigurationReference = 8FC6F4EA83A4FD804A47AC4C /* Pods-MovieList.debug.xcconfig */;
			buildSettings = {
				ASSETCATALOG_COMPILER_APPICON_NAME = AppIcon;
				ASSETCATALOG_COMPILER_GLOBAL_ACCENT_COLOR_NAME = AccentColor;
				CODE_SIGN_STYLE = Automatic;
				CURRENT_PROJECT_VERSION = 1;
				DEVELOPMENT_TEAM = RT3T8DHJJ3;
				GENERATE_INFOPLIST_FILE = YES;
				INFOPLIST_FILE = MovieList/Info.plist;
				INFOPLIST_KEY_UIApplicationSupportsIndirectInputEvents = YES;
				INFOPLIST_KEY_UILaunchStoryboardName = LaunchScreen;
				INFOPLIST_KEY_UISupportedInterfaceOrientations = UIInterfaceOrientationPortrait;
				INFOPLIST_KEY_UISupportedInterfaceOrientations_iPad = "UIInterfaceOrientationPortrait UIInterfaceOrientationPortraitUpsideDown UIInterfaceOrientationLandscapeLeft UIInterfaceOrientationLandscapeRight";
				INFOPLIST_KEY_UISupportedInterfaceOrientations_iPhone = "UIInterfaceOrientationPortrait UIInterfaceOrientationLandscapeLeft UIInterfaceOrientationLandscapeRight";
				IPHONEOS_DEPLOYMENT_TARGET = 13.0;
				LD_RUNPATH_SEARCH_PATHS = (
					"$(inherited)",
					"@executable_path/Frameworks",
				);
				MARKETING_VERSION = 1.0;
				PRODUCT_BUNDLE_IDENTIFIER = com.kang.MovieList;
				PRODUCT_NAME = "$(TARGET_NAME)";
				SWIFT_EMIT_LOC_STRINGS = YES;
				SWIFT_VERSION = 5.0;
				TARGETED_DEVICE_FAMILY = 1;
			};
			name = Debug;
		};
		38CA343927228F7F0017E732 /* Release */ = {
			isa = XCBuildConfiguration;
			baseConfigurationReference = 2D22411BED2A33BBD62597FF /* Pods-MovieList.release.xcconfig */;
			buildSettings = {
				ASSETCATALOG_COMPILER_APPICON_NAME = AppIcon;
				ASSETCATALOG_COMPILER_GLOBAL_ACCENT_COLOR_NAME = AccentColor;
				CODE_SIGN_STYLE = Automatic;
				CURRENT_PROJECT_VERSION = 1;
				DEVELOPMENT_TEAM = RT3T8DHJJ3;
				GENERATE_INFOPLIST_FILE = YES;
				INFOPLIST_FILE = MovieList/Info.plist;
				INFOPLIST_KEY_UIApplicationSupportsIndirectInputEvents = YES;
				INFOPLIST_KEY_UILaunchStoryboardName = LaunchScreen;
				INFOPLIST_KEY_UISupportedInterfaceOrientations = UIInterfaceOrientationPortrait;
				INFOPLIST_KEY_UISupportedInterfaceOrientations_iPad = "UIInterfaceOrientationPortrait UIInterfaceOrientationPortraitUpsideDown UIInterfaceOrientationLandscapeLeft UIInterfaceOrientationLandscapeRight";
				INFOPLIST_KEY_UISupportedInterfaceOrientations_iPhone = "UIInterfaceOrientationPortrait UIInterfaceOrientationLandscapeLeft UIInterfaceOrientationLandscapeRight";
				IPHONEOS_DEPLOYMENT_TARGET = 13.0;
				LD_RUNPATH_SEARCH_PATHS = (
					"$(inherited)",
					"@executable_path/Frameworks",
				);
				MARKETING_VERSION = 1.0;
				PRODUCT_BUNDLE_IDENTIFIER = com.kang.MovieList;
				PRODUCT_NAME = "$(TARGET_NAME)";
				SWIFT_EMIT_LOC_STRINGS = YES;
				SWIFT_VERSION = 5.0;
				TARGETED_DEVICE_FAMILY = 1;
			};
			name = Release;
		};
/* End XCBuildConfiguration section */

/* Begin XCConfigurationList section */
		38CA341E27228F7B0017E732 /* Build configuration list for PBXProject "MovieList" */ = {
			isa = XCConfigurationList;
			buildConfigurations = (
				38CA343527228F7F0017E732 /* Debug */,
				38CA343627228F7F0017E732 /* Release */,
			);
			defaultConfigurationIsVisible = 0;
			defaultConfigurationName = Release;
		};
		38CA343727228F7F0017E732 /* Build configuration list for PBXNativeTarget "MovieList" */ = {
			isa = XCConfigurationList;
			buildConfigurations = (
				38CA343827228F7F0017E732 /* Debug */,
				38CA343927228F7F0017E732 /* Release */,
			);
			defaultConfigurationIsVisible = 0;
			defaultConfigurationName = Release;
		};
/* End XCConfigurationList section */
	};
	rootObject = 38CA341B27228F7B0017E732 /* Project object */;
}
